// !$*UTF8*$!
{
	archiveVersion = 1;
	classes = {
	};
	objectVersion = 46;
	objects = {

/* Begin PBXBuildFile section */
		24FF3AF51ADEF32D0063DCD4 /* AppDelegate.swift in Sources */ = {isa = PBXBuildFile; fileRef = 24FF3AF41ADEF32D0063DCD4 /* AppDelegate.swift */; };
		24FF3AF71ADEF32D0063DCD4 /* ViewController.swift in Sources */ = {isa = PBXBuildFile; fileRef = 24FF3AF61ADEF32D0063DCD4 /* ViewController.swift */; };
		24FF3AFA1ADEF32D0063DCD4 /* Main.storyboard in Resources */ = {isa = PBXBuildFile; fileRef = 24FF3AF81ADEF32D0063DCD4 /* Main.storyboard */; };
		24FF3AFC1ADEF32D0063DCD4 /* Images.xcassets in Resources */ = {isa = PBXBuildFile; fileRef = 24FF3AFB1ADEF32D0063DCD4 /* Images.xcassets */; };
		24FF3AFF1ADEF32D0063DCD4 /* LaunchScreen.xib in Resources */ = {isa = PBXBuildFile; fileRef = 24FF3AFD1ADEF32D0063DCD4 /* LaunchScreen.xib */; };
		24FF3B0B1ADEF32D0063DCD4 /* an_applicationTests.swift in Sources */ = {isa = PBXBuildFile; fileRef = 24FF3B0A1ADEF32D0063DCD4 /* an_applicationTests.swift */; };
/* End PBXBuildFile section */

/* Begin PBXContainerItemProxy section */
		24FF3B051ADEF32D0063DCD4 /* PBXContainerItemProxy */ = {
			isa = PBXContainerItemProxy;
			containerPortal = 24FF3AE71ADEF32D0063DCD4 /* Project object */;
			proxyType = 1;
			remoteGlobalIDString = 24FF3AEE1ADEF32D0063DCD4;
			remoteInfo = "an application";
		};
/* End PBXContainerItemProxy section */

/* Begin PBXFileReference section */
		24FF3AEF1ADEF32D0063DCD4 /* an application.app */ = {isa = PBXFileReference; explicitFileType = wrapper.application; includeInIndex = 0; path = "an application.app"; sourceTree = BUILT_PRODUCTS_DIR; };
		24FF3AF31ADEF32D0063DCD4 /* Info.plist */ = {isa = PBXFileReference; lastKnownFileType = text.plist.xml; path = Info.plist; sourceTree = "<group>"; };
		24FF3AF41ADEF32D0063DCD4 /* AppDelegate.swift */ = {isa = PBXFileReference; lastKnownFileType = sourcecode.swift; path = AppDelegate.swift; sourceTree = "<group>"; };
		24FF3AF61ADEF32D0063DCD4 /* ViewController.swift */ = {isa = PBXFileReference; lastKnownFileType = sourcecode.swift; path = ViewController.swift; sourceTree = "<group>"; };
		24FF3AF91ADEF32D0063DCD4 /* Base */ = {isa = PBXFileReference; lastKnownFileType = file.storyboard; name = Base; path = Base.lproj/Main.storyboard; sourceTree = "<group>"; };
		24FF3AFB1ADEF32D0063DCD4 /* Images.xcassets */ = {isa = PBXFileReference; lastKnownFileType = folder.assetcatalog; path = Images.xcassets; sourceTree = "<group>"; };
		24FF3AFE1ADEF32D0063DCD4 /* Base */ = {isa = PBXFileReference; lastKnownFileType = file.xib; name = Base; path = Base.lproj/LaunchScreen.xib; sourceTree = "<group>"; };
		24FF3B041ADEF32D0063DCD4 /* an applicationTests.xctest */ = {isa = PBXFileReference; explicitFileType = wrapper.cfbundle; includeInIndex = 0; path = "an applicationTests.xctest"; sourceTree = BUILT_PRODUCTS_DIR; };
		24FF3B091ADEF32D0063DCD4 /* Info.plist */ = {isa = PBXFileReference; lastKnownFileType = text.plist.xml; path = Info.plist; sourceTree = "<group>"; };
		24FF3B0A1ADEF32D0063DCD4 /* an_applicationTests.swift */ = {isa = PBXFileReference; lastKnownFileType = sourcecode.swift; path = an_applicationTests.swift; sourceTree = "<group>"; };
/* End PBXFileReference section */

/* Begin PBXFrameworksBuildPhase section */
		24FF3AEC1ADEF32D0063DCD4 /* Frameworks */ = {
			isa = PBXFrameworksBuildPhase;
			buildActionMask = 2147483647;
			files = (
			);
			runOnlyForDeploymentPostprocessing = 0;
		};
		24FF3B011ADEF32D0063DCD4 /* Frameworks */ = {
			isa = PBXFrameworksBuildPhase;
			buildActionMask = 2147483647;
			files = (
			);
			runOnlyForDeploymentPostprocessing = 0;
		};
/* End PBXFrameworksBuildPhase section */

/* Begin PBXGroup section */
		24FF3AE61ADEF32D0063DCD4 = {
			isa = PBXGroup;
			children = (
				24FF3AF11ADEF32D0063DCD4 /* an application */,
				24FF3B071ADEF32D0063DCD4 /* an applicationTests */,
				24FF3AF01ADEF32D0063DCD4 /* Products */,
			);
			sourceTree = "<group>";
		};
		24FF3AF01ADEF32D0063DCD4 /* Products */ = {
			isa = PBXGroup;
			children = (
				24FF3AEF1ADEF32D0063DCD4 /* an application.app */,
				24FF3B041ADEF32D0063DCD4 /* an applicationTests.xctest */,
			);
			name = Products;
			sourceTree = "<group>";
		};
		24FF3AF11ADEF32D0063DCD4 /* an application */ = {
			isa = PBXGroup;
			children = (
				24FF3AF41ADEF32D0063DCD4 /* AppDelegate.swift */,
				24FF3AF61ADEF32D0063DCD4 /* ViewController.swift */,
				24FF3AF81ADEF32D0063DCD4 /* Main.storyboard */,
				24FF3AFB1ADEF32D0063DCD4 /* Images.xcassets */,
				24FF3AFD1ADEF32D0063DCD4 /* LaunchScreen.xib */,
				24FF3AF21ADEF32D0063DCD4 /* Supporting Files */,
			);
			path = "an application";
			sourceTree = "<group>";
		};
		24FF3AF21ADEF32D0063DCD4 /* Supporting Files */ = {
			isa = PBXGroup;
			children = (
				24FF3AF31ADEF32D0063DCD4 /* Info.plist */,
			);
			name = "Supporting Files";
			sourceTree = "<group>";
		};
		24FF3B071ADEF32D0063DCD4 /* an applicationTests */ = {
			isa = PBXGroup;
			children = (
				24FF3B0A1ADEF32D0063DCD4 /* an_applicationTests.swift */,
				24FF3B081ADEF32D0063DCD4 /* Supporting Files */,
			);
			path = "an applicationTests";
			sourceTree = "<group>";
		};
		24FF3B081ADEF32D0063DCD4 /* Supporting Files */ = {
			isa = PBXGroup;
			children = (
				24FF3B091ADEF32D0063DCD4 /* Info.plist */,
			);
			name = "Supporting Files";
			sourceTree = "<group>";
		};
/* End PBXGroup section */

/* Begin PBXNativeTarget section */
		24FF3AEE1ADEF32D0063DCD4 /* an application */ = {
			isa = PBXNativeTarget;
			buildConfigurationList = 24FF3B0E1ADEF32D0063DCD4 /* Build configuration list for PBXNativeTarget "an application" */;
			buildPhases = (
				24FF3AEB1ADEF32D0063DCD4 /* Sources */,
				24FF3AEC1ADEF32D0063DCD4 /* Frameworks */,
				24FF3AED1ADEF32D0063DCD4 /* Resources */,
			);
			buildRules = (
			);
			dependencies = (
			);
			name = "an application";
			productName = "an application";
			productReference = 24FF3AEF1ADEF32D0063DCD4 /* an application.app */;
			productType = "com.apple.product-type.application";
		};
		24FF3B031ADEF32D0063DCD4 /* an applicationTests */ = {
			isa = PBXNativeTarget;
			buildConfigurationList = 24FF3B111ADEF32D0063DCD4 /* Build configuration list for PBXNativeTarget "an applicationTests" */;
			buildPhases = (
				24FF3B001ADEF32D0063DCD4 /* Sources */,
				24FF3B011ADEF32D0063DCD4 /* Frameworks */,
				24FF3B021ADEF32D0063DCD4 /* Resources */,
			);
			buildRules = (
			);
			dependencies = (
				24FF3B061ADEF32D0063DCD4 /* PBXTargetDependency */,
			);
			name = "an applicationTests";
			productName = "an applicationTests";
			productReference = 24FF3B041ADEF32D0063DCD4 /* an applicationTests.xctest */;
			productType = "com.apple.product-type.bundle.unit-test";
		};
/* End PBXNativeTarget section */

/* Begin PBXProject section */
		24FF3AE71ADEF32D0063DCD4 /* Project object */ = {
			isa = PBXProject;
			attributes = {
				LastUpgradeCheck = 0630;
				ORGANIZATIONNAME = "Nick Nelson";
				TargetAttributes = {
					24FF3AEE1ADEF32D0063DCD4 = {
						CreatedOnToolsVersion = 6.3;
					};
					24FF3B031ADEF32D0063DCD4 = {
						CreatedOnToolsVersion = 6.3;
						TestTargetID = 24FF3AEE1ADEF32D0063DCD4;
					};
				};
			};
			buildConfigurationList = 24FF3AEA1ADEF32D0063DCD4 /* Build configuration list for PBXProject "an application" */;
			compatibilityVersion = "Xcode 3.2";
			developmentRegion = English;
			hasScannedForEncodings = 0;
			knownRegions = (
				en,
				Base,
			);
			mainGroup = 24FF3AE61ADEF32D0063DCD4;
			productRefGroup = 24FF3AF01ADEF32D0063DCD4 /* Products */;
			projectDirPath = "";
			projectRoot = "";
			targets = (
				24FF3AEE1ADEF32D0063DCD4 /* an application */,
				24FF3B031ADEF32D0063DCD4 /* an applicationTests */,
			);
		};
/* End PBXProject section */

/* Begin PBXResourcesBuildPhase section */
		24FF3AED1ADEF32D0063DCD4 /* Resources */ = {
			isa = PBXResourcesBuildPhase;
			buildActionMask = 2147483647;
			files = (
				24FF3AFA1ADEF32D0063DCD4 /* Main.storyboard in Resources */,
				24FF3AFF1ADEF32D0063DCD4 /* LaunchScreen.xib in Resources */,
				24FF3AFC1ADEF32D0063DCD4 /* Images.xcassets in Resources */,
			);
			runOnlyForDeploymentPostprocessing = 0;
		};
		24FF3B021ADEF32D0063DCD4 /* Resources */ = {
			isa = PBXResourcesBuildPhase;
			buildActionMask = 2147483647;
			files = (
			);
			runOnlyForDeploymentPostprocessing = 0;
		};
/* End PBXResourcesBuildPhase section */

/* Begin PBXSourcesBuildPhase section */
		24FF3AEB1ADEF32D0063DCD4 /* Sources */ = {
			isa = PBXSourcesBuildPhase;
			buildActionMask = 2147483647;
			files = (
				24FF3AF71ADEF32D0063DCD4 /* ViewController.swift in Sources */,
				24FF3AF51ADEF32D0063DCD4 /* AppDelegate.swift in Sources */,
			);
			runOnlyForDeploymentPostprocessing = 0;
		};
		24FF3B001ADEF32D0063DCD4 /* Sources */ = {
			isa = PBXSourcesBuildPhase;
			buildActionMask = 2147483647;
			files = (
				24FF3B0B1ADEF32D0063DCD4 /* an_applicationTests.swift in Sources */,
			);
			runOnlyForDeploymentPostprocessing = 0;
		};
/* End PBXSourcesBuildPhase section */

/* Begin PBXTargetDependency section */
		24FF3B061ADEF32D0063DCD4 /* PBXTargetDependency */ = {
			isa = PBXTargetDependency;
			target = 24FF3AEE1ADEF32D0063DCD4 /* an application */;
			targetProxy = 24FF3B051ADEF32D0063DCD4 /* PBXContainerItemProxy */;
		};
/* End PBXTargetDependency section */

/* Begin PBXVariantGroup section */
		24FF3AF81ADEF32D0063DCD4 /* Main.storyboard */ = {
			isa = PBXVariantGroup;
			children = (
				24FF3AF91ADEF32D0063DCD4 /* Base */,
			);
			name = Main.storyboard;
			sourceTree = "<group>";
		};
		24FF3AFD1ADEF32D0063DCD4 /* LaunchScreen.xib */ = {
			isa = PBXVariantGroup;
			children = (
				24FF3AFE1ADEF32D0063DCD4 /* Base */,
			);
			name = LaunchScreen.xib;
			sourceTree = "<group>";
		};
/* End PBXVariantGroup section */

/* Begin XCBuildConfiguration section */
		24FF3B0C1ADEF32D0063DCD4 /* Debug */ = {
			isa = XCBuildConfiguration;
			buildSettings = {
				ALWAYS_SEARCH_USER_PATHS = NO;
				CLANG_CXX_LANGUAGE_STANDARD = "gnu++0x";
				CLANG_CXX_LIBRARY = "libc++";
				CLANG_ENABLE_MODULES = YES;
				CLANG_ENABLE_OBJC_ARC = YES;
				CLANG_WARN_BOOL_CONVERSION = YES;
				CLANG_WARN_CONSTANT_CONVERSION = YES;
				CLANG_WARN_DIRECT_OBJC_ISA_USAGE = YES_ERROR;
				CLANG_WARN_EMPTY_BODY = YES;
				CLANG_WARN_ENUM_CONVERSION = YES;
				CLANG_WARN_INT_CONVERSION = YES;
				CLANG_WARN_OBJC_ROOT_CLASS = YES_ERROR;
				CLANG_WARN_UNREACHABLE_CODE = YES;
				CLANG_WARN__DUPLICATE_METHOD_MATCH = YES;
				"CODE_SIGN_IDENTITY[sdk=iphoneos*]" = "iPhone Developer";
				COPY_PHASE_STRIP = NO;
				DEBUG_INFORMATION_FORMAT = "dwarf-with-dsym";
				ENABLE_STRICT_OBJC_MSGSEND = YES;
				GCC_C_LANGUAGE_STANDARD = gnu99;
				GCC_DYNAMIC_NO_PIC = NO;
				GCC_NO_COMMON_BLOCKS = YES;
				GCC_OPTIMIZATION_LEVEL = 0;
				GCC_PREPROCESSOR_DEFINITIONS = (
					"DEBUG=1",
					"$(inherited)",
				);
				GCC_SYMBOLS_PRIVATE_EXTERN = NO;
				GCC_WARN_64_TO_32_BIT_CONVERSION = YES;
				GCC_WARN_ABOUT_RETURN_TYPE = YES_ERROR;
				GCC_WARN_UNDECLARED_SELECTOR = YES;
				GCC_WARN_UNINITIALIZED_AUTOS = YES_AGGRESSIVE;
				GCC_WARN_UNUSED_FUNCTION = YES;
				GCC_WARN_UNUSED_VARIABLE = YES;
				IPHONEOS_DEPLOYMENT_TARGET = 8.3;
				MTL_ENABLE_DEBUG_INFO = YES;
				ONLY_ACTIVE_ARCH = YES;
				SDKROOT = iphoneos;
				SWIFT_OPTIMIZATION_LEVEL = "-Onone";
			};
			name = Debug;
		};
		24FF3B0D1ADEF32D0063DCD4 /* Release */ = {
			isa = XCBuildConfiguration;
			buildSettings = {
				ALWAYS_SEARCH_USER_PATHS = NO;
				CLANG_CXX_LANGUAGE_STANDARD = "gnu++0x";
				CLANG_CXX_LIBRARY = "libc++";
				CLANG_ENABLE_MODULES = YES;
				CLANG_ENABLE_OBJC_ARC = YES;
				CLANG_WARN_BOOL_CONVERSION = YES;
				CLANG_WARN_CONSTANT_CONVERSION = YES;
				CLANG_WARN_DIRECT_OBJC_ISA_USAGE = YES_ERROR;
				CLANG_WARN_EMPTY_BODY = YES;
				CLANG_WARN_ENUM_CONVERSION = YES;
				CLANG_WARN_INT_CONVERSION = YES;
				CLANG_WARN_OBJC_ROOT_CLASS = YES_ERROR;
				CLANG_WARN_UNREACHABLE_CODE = YES;
				CLANG_WARN__DUPLICATE_METHOD_MATCH = YES;
				"CODE_SIGN_IDENTITY[sdk=iphoneos*]" = "iPhone Developer";
				COPY_PHASE_STRIP = NO;
				DEBUG_INFORMATION_FORMAT = "dwarf-with-dsym";
				ENABLE_NS_ASSERTIONS = NO;
				ENABLE_STRICT_OBJC_MSGSEND = YES;
				GCC_C_LANGUAGE_STANDARD = gnu99;
				GCC_NO_COMMON_BLOCKS = YES;
				GCC_WARN_64_TO_32_BIT_CONVERSION = YES;
				GCC_WARN_ABOUT_RETURN_TYPE = YES_ERROR;
				GCC_WARN_UNDECLARED_SELECTOR = YES;
				GCC_WARN_UNINITIALIZED_AUTOS = YES_AGGRESSIVE;
				GCC_WARN_UNUSED_FUNCTION = YES;
				GCC_WARN_UNUSED_VARIABLE = YES;
				IPHONEOS_DEPLOYMENT_TARGET = 8.3;
				MTL_ENABLE_DEBUG_INFO = NO;
				SDKROOT = iphoneos;
				VALIDATE_PRODUCT = YES;
			};
			name = Release;
		};
		24FF3B0F1ADEF32D0063DCD4 /* Debug */ = {
			isa = XCBuildConfiguration;
			buildSettings = {
				ASSETCATALOG_COMPILER_APPICON_NAME = AppIcon;
				INFOPLIST_FILE = "an application/Info.plist";
				LD_RUNPATH_SEARCH_PATHS = "$(inherited) @executable_path/Frameworks";
				PRODUCT_NAME = "$(TARGET_NAME)";
			};
			name = Debug;
		};
		24FF3B101ADEF32D0063DCD4 /* Release */ = {
			isa = XCBuildConfiguration;
			buildSettings = {
				ASSETCATALOG_COMPILER_APPICON_NAME = AppIcon;
				INFOPLIST_FILE = "an application/Info.plist";
				LD_RUNPATH_SEARCH_PATHS = "$(inherited) @executable_path/Frameworks";
				PRODUCT_NAME = "$(TARGET_NAME)";
			};
			name = Release;
		};
		24FF3B121ADEF32D0063DCD4 /* Debug */ = {
			isa = XCBuildConfiguration;
			buildSettings = {
				BUNDLE_LOADER = "$(TEST_HOST)";
				FRAMEWORK_SEARCH_PATHS = (
					"$(SDKROOT)/Developer/Library/Frameworks",
					"$(inherited)",
				);
				GCC_PREPROCESSOR_DEFINITIONS = (
					"DEBUG=1",
					"$(inherited)",
				);
				INFOPLIST_FILE = "an applicationTests/Info.plist";
				LD_RUNPATH_SEARCH_PATHS = "$(inherited) @executable_path/Frameworks @loader_path/Frameworks";
				PRODUCT_NAME = "$(TARGET_NAME)";
				TEST_HOST = "$(BUILT_PRODUCTS_DIR)/an application.app/an application";
			};
			name = Debug;
		};
		24FF3B131ADEF32D0063DCD4 /* Release */ = {
			isa = XCBuildConfiguration;
			buildSettings = {
				BUNDLE_LOADER = "$(TEST_HOST)";
				FRAMEWORK_SEARCH_PATHS = (
					"$(SDKROOT)/Developer/Library/Frameworks",
					"$(inherited)",
				);
				INFOPLIST_FILE = "an applicationTests/Info.plist";
				LD_RUNPATH_SEARCH_PATHS = "$(inherited) @executable_path/Frameworks @loader_path/Frameworks";
				PRODUCT_NAME = "$(TARGET_NAME)";
				TEST_HOST = "$(BUILT_PRODUCTS_DIR)/an application.app/an application";
			};
			name = Release;
		};
/* End XCBuildConfiguration section */

/* Begin XCConfigurationList section */
		24FF3AEA1ADEF32D0063DCD4 /* Build configuration list for PBXProject "an application" */ = {
			isa = XCConfigurationList;
			buildConfigurations = (
				24FF3B0C1ADEF32D0063DCD4 /* Debug */,
				24FF3B0D1ADEF32D0063DCD4 /* Release */,
			);
			defaultConfigurationIsVisible = 0;
			defaultConfigurationName = Release;
		};
		24FF3B0E1ADEF32D0063DCD4 /* Build configuration list for PBXNativeTarget "an application" */ = {
			isa = XCConfigurationList;
			buildConfigurations = (
				24FF3B0F1ADEF32D0063DCD4 /* Debug */,
				24FF3B101ADEF32D0063DCD4 /* Release */,
			);
			defaultConfigurationIsVisible = 0;
		};
		24FF3B111ADEF32D0063DCD4 /* Build configuration list for PBXNativeTarget "an applicationTests" */ = {
			isa = XCConfigurationList;
			buildConfigurations = (
				24FF3B121ADEF32D0063DCD4 /* Debug */,
				24FF3B131ADEF32D0063DCD4 /* Release */,
			);
			defaultConfigurationIsVisible = 0;
		};
/* End XCConfigurationList section */
	};
	rootObject = 24FF3AE71ADEF32D0063DCD4 /* Project object */;
}
